
Microsoft Visual Studio Solution File, Format Version 12.00
# Visual Studio Version 16
VisualStudioVersion = 16.0.30114.105
MinimumVisualStudioVersion = 10.0.40219.1
Project("{FAE04EC0-301F-11D3-BF4B-00C04F79EFBC}") = "Claims_Repo", "Claims_Repo.csproj", "{1E001040-8B62-4805-A1DE-93A3AA328ACE}"
EndProject
Project("{FAE04EC0-301F-11D3-BF4B-00C04F79EFBC}") = "ClaimsCons", "..\ClaimsCons\ClaimsCons.csproj", "{E02111B3-D69B-4E52-95A7-F7A02A1E0644}"
EndProject
Project("{FAE04EC0-301F-11D3-BF4B-00C04F79EFBC}") = "ClaimsTest", "..\ClaimsTest\ClaimsTest.csproj", "{FA80CC94-548B-4DA0-BCA4-7E33EE99D7B5}"
EndProject
Global
	GlobalSection(SolutionConfigurationPlatforms) = preSolution
		Debug|Any CPU = Debug|Any CPU
		Release|Any CPU = Release|Any CPU
	EndGlobalSection
	GlobalSection(ProjectConfigurationPlatforms) = postSolution
		{1E001040-8B62-4805-A1DE-93A3AA328ACE}.Debug|Any CPU.ActiveCfg = Debug|Any CPU
		{1E001040-8B62-4805-A1DE-93A3AA328ACE}.Debug|Any CPU.Build.0 = Debug|Any CPU
		{1E001040-8B62-4805-A1DE-93A3AA328ACE}.Release|Any CPU.ActiveCfg = Release|Any CPU
		{1E001040-8B62-4805-A1DE-93A3AA328ACE}.Release|Any CPU.Build.0 = Release|Any CPU
		{E02111B3-D69B-4E52-95A7-F7A02A1E0644}.Debug|Any CPU.ActiveCfg = Debug|Any CPU
		{E02111B3-D69B-4E52-95A7-F7A02A1E0644}.Debug|Any CPU.Build.0 = Debug|Any CPU
		{E02111B3-D69B-4E52-95A7-F7A02A1E0644}.Release|Any CPU.ActiveCfg = Release|Any CPU
		{E02111B3-D69B-4E52-95A7-F7A02A1E0644}.Release|Any CPU.Build.0 = Release|Any CPU
		{FA80CC94-548B-4DA0-BCA4-7E33EE99D7B5}.Debug|Any CPU.ActiveCfg = Debug|Any CPU
		{FA80CC94-548B-4DA0-BCA4-7E33EE99D7B5}.Debug|Any CPU.Build.0 = Debug|Any CPU
		{FA80CC94-548B-4DA0-BCA4-7E33EE99D7B5}.Release|Any CPU.ActiveCfg = Release|Any CPU
		{FA80CC94-548B-4DA0-BCA4-7E33EE99D7B5}.Release|Any CPU.Build.0 = Release|Any CPU
	EndGlobalSection
	GlobalSection(SolutionProperties) = preSolution
		HideSolutionNode = FALSE
	EndGlobalSection
	GlobalSection(ExtensibilityGlobals) = postSolution
		SolutionGuid = {AFCA4BD6-C951-4505-9D7C-DD63593DA6E4}
	EndGlobalSection
EndGlobal
